
Microsoft Visual Studio Solution File, Format Version 12.00
# Visual Studio Version 16
VisualStudioVersion = 16.0.29709.97
MinimumVisualStudioVersion = 10.0.40219.1
Project("{FAE04EC0-301F-11D3-BF4B-00C04F79EFBC}") = "CS-Electricty", "CS-Electricty.csproj", "{3BC1E087-41DE-47F1-96AD-2991D4DF7E87}"
EndProject
Global
	GlobalSection(SolutionConfigurationPlatforms) = preSolution
		Debug|Any CPU = Debug|Any CPU
		Release|Any CPU = Release|Any CPU
	EndGlobalSection
	GlobalSection(ProjectConfigurationPlatforms) = postSolution
		{3BC1E087-41DE-47F1-96AD-2991D4DF7E87}.Debug|Any CPU.ActiveCfg = Debug|Any CPU
		{3BC1E087-41DE-47F1-96AD-2991D4DF7E87}.Debug|Any CPU.Build.0 = Debug|Any CPU
		{3BC1E087-41DE-47F1-96AD-2991D4DF7E87}.Release|Any CPU.ActiveCfg = Release|Any CPU
		{3BC1E087-41DE-47F1-96AD-2991D4DF7E87}.Release|Any CPU.Build.0 = Release|Any CPU
	EndGlobalSection
	GlobalSection(SolutionProperties) = preSolution
		HideSolutionNode = FALSE
	EndGlobalSection
	GlobalSection(ExtensibilityGlobals) = postSolution
		SolutionGuid = {5E00C4EE-832F-4E6B-AFFA-58395F121230}
	EndGlobalSection
EndGlobal
